
Microsoft Visual Studio Solution File, Format Version 12.00
# Visual Studio Version 17
VisualStudioVersion = 17.9.34310.174
MinimumVisualStudioVersion = 10.0.40219.1
Project("{9A19103F-16F7-4668-BE54-9A1E7A4F7556}") = "HttpClientBenchmarking", "HttpClientBenchmarking\HttpClientBenchmarking.csproj", "{5AF6FE61-22BB-4683-94D3-CF82D8045A52}"
EndProject
Project("{FAE04EC0-301F-11D3-BF4B-00C04F79EFBC}") = "HttpClientBenchmarking.Api", "HttpClientBenchmarking.Api\HttpClientBenchmarking.Api.csproj", "{0D5DE831-F7A5-4327-957C-8FE3F7792691}"
EndProject
Global
	GlobalSection(SolutionConfigurationPlatforms) = preSolution
		Debug|Any CPU = Debug|Any CPU
		Release|Any CPU = Release|Any CPU
	EndGlobalSection
	GlobalSection(ProjectConfigurationPlatforms) = postSolution
		{5AF6FE61-22BB-4683-94D3-CF82D8045A52}.Debug|Any CPU.ActiveCfg = Debug|Any CPU
		{5AF6FE61-22BB-4683-94D3-CF82D8045A52}.Debug|Any CPU.Build.0 = Debug|Any CPU
		{5AF6FE61-22BB-4683-94D3-CF82D8045A52}.Release|Any CPU.ActiveCfg = Release|Any CPU
		{5AF6FE61-22BB-4683-94D3-CF82D8045A52}.Release|Any CPU.Build.0 = Release|Any CPU
		{0D5DE831-F7A5-4327-957C-8FE3F7792691}.Debug|Any CPU.ActiveCfg = Debug|Any CPU
		{0D5DE831-F7A5-4327-957C-8FE3F7792691}.Debug|Any CPU.Build.0 = Debug|Any CPU
		{0D5DE831-F7A5-4327-957C-8FE3F7792691}.Release|Any CPU.ActiveCfg = Release|Any CPU
		{0D5DE831-F7A5-4327-957C-8FE3F7792691}.Release|Any CPU.Build.0 = Release|Any CPU
	EndGlobalSection
	GlobalSection(SolutionProperties) = preSolution
		HideSolutionNode = FALSE
	EndGlobalSection
	GlobalSection(ExtensibilityGlobals) = postSolution
		SolutionGuid = {2AFD4C83-9B40-4F68-93EA-DFADA94E4D0D}
	EndGlobalSection
EndGlobal
